
Microsoft Visual Studio Solution File, Format Version 12.00
# Visual Studio Version 16
VisualStudioVersion = 16.0.30011.22
MinimumVisualStudioVersion = 10.0.40219.1
Project("{9A19103F-16F7-4668-BE54-9A1E7A4F7556}") = "JS.web", "JS.web\JS.web.csproj", "{2B4BCBEE-20E7-4972-AAA1-83146976EC4A}"
EndProject
Project("{9A19103F-16F7-4668-BE54-9A1E7A4F7556}") = "JS.botSotckProducer", "JS.botStockProducer\JS.botSotckProducer.csproj", "{A97C784C-8586-4256-987A-741C7D9264D2}"
EndProject
Global
	GlobalSection(SolutionConfigurationPlatforms) = preSolution
		Debug|Any CPU = Debug|Any CPU
		Release|Any CPU = Release|Any CPU
	EndGlobalSection
	GlobalSection(ProjectConfigurationPlatforms) = postSolution
		{2B4BCBEE-20E7-4972-AAA1-83146976EC4A}.Debug|Any CPU.ActiveCfg = Debug|Any CPU
		{2B4BCBEE-20E7-4972-AAA1-83146976EC4A}.Debug|Any CPU.Build.0 = Debug|Any CPU
		{2B4BCBEE-20E7-4972-AAA1-83146976EC4A}.Release|Any CPU.ActiveCfg = Release|Any CPU
		{2B4BCBEE-20E7-4972-AAA1-83146976EC4A}.Release|Any CPU.Build.0 = Release|Any CPU
		{A97C784C-8586-4256-987A-741C7D9264D2}.Debug|Any CPU.ActiveCfg = Debug|Any CPU
		{A97C784C-8586-4256-987A-741C7D9264D2}.Debug|Any CPU.Build.0 = Debug|Any CPU
		{A97C784C-8586-4256-987A-741C7D9264D2}.Release|Any CPU.ActiveCfg = Release|Any CPU
		{A97C784C-8586-4256-987A-741C7D9264D2}.Release|Any CPU.Build.0 = Release|Any CPU
	EndGlobalSection
	GlobalSection(SolutionProperties) = preSolution
		HideSolutionNode = FALSE
	EndGlobalSection
	GlobalSection(ExtensibilityGlobals) = postSolution
		SolutionGuid = {3C286840-D4B9-4D48-86D6-EAFFD79AA64B}
	EndGlobalSection
EndGlobal
